// !$*UTF8*$!
{
	archiveVersion = 1;
	classes = {
	};
	objectVersion = 50;
	objects = {

/* Begin PBXBuildFile section */
		A9F4107124C4886A000C5EAE /* AppDelegate.swift in Sources */ = {isa = PBXBuildFile; fileRef = A9F4107024C4886A000C5EAE /* AppDelegate.swift */; };
		A9F4107524C4886A000C5EAE /* ViewController.swift in Sources */ = {isa = PBXBuildFile; fileRef = A9F4107424C4886A000C5EAE /* ViewController.swift */; };
		A9F4107824C4886A000C5EAE /* Main.storyboard in Resources */ = {isa = PBXBuildFile; fileRef = A9F4107624C4886A000C5EAE /* Main.storyboard */; };
		A9F4107A24C4886D000C5EAE /* Assets.xcassets in Resources */ = {isa = PBXBuildFile; fileRef = A9F4107924C4886D000C5EAE /* Assets.xcassets */; };
		A9F4107D24C4886D000C5EAE /* LaunchScreen.storyboard in Resources */ = {isa = PBXBuildFile; fileRef = A9F4107B24C4886D000C5EAE /* LaunchScreen.storyboard */; };
		A9F4109A24C48968000C5EAE /* ArticleCollectionViewCell.swift in Sources */ = {isa = PBXBuildFile; fileRef = A9F4108524C48968000C5EAE /* ArticleCollectionViewCell.swift */; };
		A9F4109B24C48968000C5EAE /* ArticlesView.swift in Sources */ = {isa = PBXBuildFile; fileRef = A9F4108624C48968000C5EAE /* ArticlesView.swift */; };
		A9F4109D24C48968000C5EAE /* ArticlesViewModel.swift in Sources */ = {isa = PBXBuildFile; fileRef = A9F4108824C48968000C5EAE /* ArticlesViewModel.swift */; };
		A9F4109E24C48968000C5EAE /* ArticlesLayout.swift in Sources */ = {isa = PBXBuildFile; fileRef = A9F4108924C48968000C5EAE /* ArticlesLayout.swift */; };
		A9F4109F24C48968000C5EAE /* LinkButton.swift in Sources */ = {isa = PBXBuildFile; fileRef = A9F4108B24C48968000C5EAE /* LinkButton.swift */; };
		A9F410A024C48968000C5EAE /* DateHeader.swift in Sources */ = {isa = PBXBuildFile; fileRef = A9F4108C24C48968000C5EAE /* DateHeader.swift */; };
		A9F410A124C48968000C5EAE /* Slider.swift in Sources */ = {isa = PBXBuildFile; fileRef = A9F4108D24C48968000C5EAE /* Slider.swift */; };
		A9F410A224C48968000C5EAE /* NewsTitle.swift in Sources */ = {isa = PBXBuildFile; fileRef = A9F4108E24C48968000C5EAE /* NewsTitle.swift */; };
		A9F410A324C48968000C5EAE /* Article.swift in Sources */ = {isa = PBXBuildFile; fileRef = A9F4108F24C48968000C5EAE /* Article.swift */; };
		A9F410A424C48968000C5EAE /* BlockView.swift in Sources */ = {isa = PBXBuildFile; fileRef = A9F4109024C48968000C5EAE /* BlockView.swift */; };
		A9F410A524C48968000C5EAE /* Resource.swift in Sources */ = {isa = PBXBuildFile; fileRef = A9F4109224C48968000C5EAE /* Resource.swift */; };
		A9F410A624C48968000C5EAE /* Store.swift in Sources */ = {isa = PBXBuildFile; fileRef = A9F4109324C48968000C5EAE /* Store.swift */; };
		A9F410A724C48968000C5EAE /* API.swift in Sources */ = {isa = PBXBuildFile; fileRef = A9F4109424C48968000C5EAE /* API.swift */; };
		A9F410A824C48968000C5EAE /* Date.swift in Sources */ = {isa = PBXBuildFile; fileRef = A9F4109624C48968000C5EAE /* Date.swift */; };
		A9F410A924C48968000C5EAE /* Foundation.swift in Sources */ = {isa = PBXBuildFile; fileRef = A9F4109724C48968000C5EAE /* Foundation.swift */; };
		A9F410AA24C48968000C5EAE /* CGFloat.swift in Sources */ = {isa = PBXBuildFile; fileRef = A9F4109824C48968000C5EAE /* CGFloat.swift */; };
		A9F410AB24C48968000C5EAE /* Layout.swift in Sources */ = {isa = PBXBuildFile; fileRef = A9F4109924C48968000C5EAE /* Layout.swift */; };
/* End PBXBuildFile section */

/* Begin PBXFileReference section */
		A9F4106D24C4886A000C5EAE /* News App Assignment.app */ = {isa = PBXFileReference; explicitFileType = wrapper.application; includeInIndex = 0; path = "News App Assignment.app"; sourceTree = BUILT_PRODUCTS_DIR; };
		A9F4107024C4886A000C5EAE /* AppDelegate.swift */ = {isa = PBXFileReference; lastKnownFileType = sourcecode.swift; path = AppDelegate.swift; sourceTree = "<group>"; };
		A9F4107424C4886A000C5EAE /* ViewController.swift */ = {isa = PBXFileReference; lastKnownFileType = sourcecode.swift; path = ViewController.swift; sourceTree = "<group>"; };
		A9F4107724C4886A000C5EAE /* Base */ = {isa = PBXFileReference; lastKnownFileType = file.storyboard; name = Base; path = Base.lproj/Main.storyboard; sourceTree = "<group>"; };
		A9F4107924C4886D000C5EAE /* Assets.xcassets */ = {isa = PBXFileReference; lastKnownFileType = folder.assetcatalog; path = Assets.xcassets; sourceTree = "<group>"; };
		A9F4107C24C4886D000C5EAE /* Base */ = {isa = PBXFileReference; lastKnownFileType = file.storyboard; name = Base; path = Base.lproj/LaunchScreen.storyboard; sourceTree = "<group>"; };
		A9F4107E24C4886D000C5EAE /* Info.plist */ = {isa = PBXFileReference; lastKnownFileType = text.plist.xml; path = Info.plist; sourceTree = "<group>"; };
		A9F4108524C48968000C5EAE /* ArticleCollectionViewCell.swift */ = {isa = PBXFileReference; fileEncoding = 4; lastKnownFileType = sourcecode.swift; path = ArticleCollectionViewCell.swift; sourceTree = "<group>"; };
		A9F4108624C48968000C5EAE /* ArticlesView.swift */ = {isa = PBXFileReference; fileEncoding = 4; lastKnownFileType = sourcecode.swift; path = ArticlesView.swift; sourceTree = "<group>"; };
		A9F4108824C48968000C5EAE /* ArticlesViewModel.swift */ = {isa = PBXFileReference; fileEncoding = 4; lastKnownFileType = sourcecode.swift; path = ArticlesViewModel.swift; sourceTree = "<group>"; };
		A9F4108924C48968000C5EAE /* ArticlesLayout.swift */ = {isa = PBXFileReference; fileEncoding = 4; lastKnownFileType = sourcecode.swift; path = ArticlesLayout.swift; sourceTree = "<group>"; };
		A9F4108B24C48968000C5EAE /* LinkButton.swift */ = {isa = PBXFileReference; fileEncoding = 4; lastKnownFileType = sourcecode.swift; path = LinkButton.swift; sourceTree = "<group>"; };
		A9F4108C24C48968000C5EAE /* DateHeader.swift */ = {isa = PBXFileReference; fileEncoding = 4; lastKnownFileType = sourcecode.swift; path = DateHeader.swift; sourceTree = "<group>"; };
		A9F4108D24C48968000C5EAE /* Slider.swift */ = {isa = PBXFileReference; fileEncoding = 4; lastKnownFileType = sourcecode.swift; path = Slider.swift; sourceTree = "<group>"; };
		A9F4108E24C48968000C5EAE /* NewsTitle.swift */ = {isa = PBXFileReference; fileEncoding = 4; lastKnownFileType = sourcecode.swift; path = NewsTitle.swift; sourceTree = "<group>"; };
		A9F4108F24C48968000C5EAE /* Article.swift */ = {isa = PBXFileReference; fileEncoding = 4; lastKnownFileType = sourcecode.swift; path = Article.swift; sourceTree = "<group>"; };
		A9F4109024C48968000C5EAE /* BlockView.swift */ = {isa = PBXFileReference; fileEncoding = 4; lastKnownFileType = sourcecode.swift; path = BlockView.swift; sourceTree = "<group>"; };
		A9F4109224C48968000C5EAE /* Resource.swift */ = {isa = PBXFileReference; fileEncoding = 4; lastKnownFileType = sourcecode.swift; path = Resource.swift; sourceTree = "<group>"; };
		A9F4109324C48968000C5EAE /* Store.swift */ = {isa = PBXFileReference; fileEncoding = 4; lastKnownFileType = sourcecode.swift; path = Store.swift; sourceTree = "<group>"; };
		A9F4109424C48968000C5EAE /* API.swift */ = {isa = PBXFileReference; fileEncoding = 4; lastKnownFileType = sourcecode.swift; path = API.swift; sourceTree = "<group>"; };
		A9F4109624C48968000C5EAE /* Date.swift */ = {isa = PBXFileReference; fileEncoding = 4; lastKnownFileType = sourcecode.swift; path = Date.swift; sourceTree = "<group>"; };
		A9F4109724C48968000C5EAE /* Foundation.swift */ = {isa = PBXFileReference; fileEncoding = 4; lastKnownFileType = sourcecode.swift; path = Foundation.swift; sourceTree = "<group>"; };
		A9F4109824C48968000C5EAE /* CGFloat.swift */ = {isa = PBXFileReference; fileEncoding = 4; lastKnownFileType = sourcecode.swift; path = CGFloat.swift; sourceTree = "<group>"; };
		A9F4109924C48968000C5EAE /* Layout.swift */ = {isa = PBXFileReference; fileEncoding = 4; lastKnownFileType = sourcecode.swift; path = Layout.swift; sourceTree = "<group>"; };
/* End PBXFileReference section */

/* Begin PBXFrameworksBuildPhase section */
		A9F4106A24C4886A000C5EAE /* Frameworks */ = {
			isa = PBXFrameworksBuildPhase;
			buildActionMask = 2147483647;
			files = (
			);
			runOnlyForDeploymentPostprocessing = 0;
		};
/* End PBXFrameworksBuildPhase section */

/* Begin PBXGroup section */
		A9F4106424C4886A000C5EAE = {
			isa = PBXGroup;
			children = (
				A9F4106F24C4886A000C5EAE /* News App Assignment */,
				A9F4106E24C4886A000C5EAE /* Products */,
			);
			sourceTree = "<group>";
		};
		A9F4106E24C4886A000C5EAE /* Products */ = {
			isa = PBXGroup;
			children = (
				A9F4106D24C4886A000C5EAE /* News App Assignment.app */,
			);
			name = Products;
			sourceTree = "<group>";
		};
		A9F4106F24C4886A000C5EAE /* News App Assignment */ = {
			isa = PBXGroup;
			children = (
				A9F4109124C48968000C5EAE /* API */,
				A9F4108424C48968000C5EAE /* Articles */,
				A9F4109524C48968000C5EAE /* Extensions */,
				A9F4107024C4886A000C5EAE /* AppDelegate.swift */,
				A9F4107424C4886A000C5EAE /* ViewController.swift */,
				A9F4107624C4886A000C5EAE /* Main.storyboard */,
				A9F4107924C4886D000C5EAE /* Assets.xcassets */,
				A9F4107B24C4886D000C5EAE /* LaunchScreen.storyboard */,
				A9F4107E24C4886D000C5EAE /* Info.plist */,
			);
			path = "News App Assignment";
			sourceTree = "<group>";
		};
		A9F4108424C48968000C5EAE /* Articles */ = {
			isa = PBXGroup;
			children = (
				A9F4108A24C48968000C5EAE /* Extra */,
				A9F4108524C48968000C5EAE /* ArticleCollectionViewCell.swift */,
				A9F4108624C48968000C5EAE /* ArticlesView.swift */,
				A9F4108824C48968000C5EAE /* ArticlesViewModel.swift */,
				A9F4108924C48968000C5EAE /* ArticlesLayout.swift */,
				A9F4108F24C48968000C5EAE /* Article.swift */,
				A9F4109024C48968000C5EAE /* BlockView.swift */,
			);
			path = Articles;
			sourceTree = "<group>";
		};
		A9F4108A24C48968000C5EAE /* Extra */ = {
			isa = PBXGroup;
			children = (
				A9F4108B24C48968000C5EAE /* LinkButton.swift */,
				A9F4108C24C48968000C5EAE /* DateHeader.swift */,
				A9F4108D24C48968000C5EAE /* Slider.swift */,
				A9F4108E24C48968000C5EAE /* NewsTitle.swift */,
			);
			path = Extra;
			sourceTree = "<group>";
		};
		A9F4109124C48968000C5EAE /* API */ = {
			isa = PBXGroup;
			children = (
				A9F4109224C48968000C5EAE /* Resource.swift */,
				A9F4109324C48968000C5EAE /* Store.swift */,
				A9F4109424C48968000C5EAE /* API.swift */,
			);
			path = API;
			sourceTree = "<group>";
		};
		A9F4109524C48968000C5EAE /* Extensions */ = {
			isa = PBXGroup;
			children = (
				A9F4109624C48968000C5EAE /* Date.swift */,
				A9F4109724C48968000C5EAE /* Foundation.swift */,
				A9F4109824C48968000C5EAE /* CGFloat.swift */,
				A9F4109924C48968000C5EAE /* Layout.swift */,
			);
			path = Extensions;
			sourceTree = "<group>";
		};
/* End PBXGroup section */

/* Begin PBXNativeTarget section */
		A9F4106C24C4886A000C5EAE /* News App Assignment */ = {
			isa = PBXNativeTarget;
			buildConfigurationList = A9F4108124C4886D000C5EAE /* Build configuration list for PBXNativeTarget "News App Assignment" */;
			buildPhases = (
				A9F4106924C4886A000C5EAE /* Sources */,
				A9F4106A24C4886A000C5EAE /* Frameworks */,
				A9F4106B24C4886A000C5EAE /* Resources */,
			);
			buildRules = (
			);
			dependencies = (
			);
			name = "News App Assignment";
			productName = "News App Assignment";
			productReference = A9F4106D24C4886A000C5EAE /* News App Assignment.app */;
			productType = "com.apple.product-type.application";
		};
/* End PBXNativeTarget section */

/* Begin PBXProject section */
		A9F4106524C4886A000C5EAE /* Project object */ = {
			isa = PBXProject;
			attributes = {
				LastSwiftUpdateCheck = 1160;
				LastUpgradeCheck = 1160;
				ORGANIZATIONNAME = "Robert-Hein Hooijmans";
				TargetAttributes = {
					A9F4106C24C4886A000C5EAE = {
						CreatedOnToolsVersion = 11.6;
					};
				};
			};
			buildConfigurationList = A9F4106824C4886A000C5EAE /* Build configuration list for PBXProject "News App Assignment" */;
			compatibilityVersion = "Xcode 9.3";
			developmentRegion = en;
			hasScannedForEncodings = 0;
			knownRegions = (
				en,
				Base,
			);
			mainGroup = A9F4106424C4886A000C5EAE;
			productRefGroup = A9F4106E24C4886A000C5EAE /* Products */;
			projectDirPath = "";
			projectRoot = "";
			targets = (
				A9F4106C24C4886A000C5EAE /* News App Assignment */,
			);
		};
/* End PBXProject section */

/* Begin PBXResourcesBuildPhase section */
		A9F4106B24C4886A000C5EAE /* Resources */ = {
			isa = PBXResourcesBuildPhase;
			buildActionMask = 2147483647;
			files = (
				A9F4107D24C4886D000C5EAE /* LaunchScreen.storyboard in Resources */,
				A9F4107A24C4886D000C5EAE /* Assets.xcassets in Resources */,
				A9F4107824C4886A000C5EAE /* Main.storyboard in Resources */,
			);
			runOnlyForDeploymentPostprocessing = 0;
		};
/* End PBXResourcesBuildPhase section */

/* Begin PBXSourcesBuildPhase section */
		A9F4106924C4886A000C5EAE /* Sources */ = {
			isa = PBXSourcesBuildPhase;
			buildActionMask = 2147483647;
			files = (
				A9F410A924C48968000C5EAE /* Foundation.swift in Sources */,
				A9F410A624C48968000C5EAE /* Store.swift in Sources */,
				A9F4109A24C48968000C5EAE /* ArticleCollectionViewCell.swift in Sources */,
				A9F4107524C4886A000C5EAE /* ViewController.swift in Sources */,
				A9F410A224C48968000C5EAE /* NewsTitle.swift in Sources */,
				A9F410A424C48968000C5EAE /* BlockView.swift in Sources */,
				A9F4107124C4886A000C5EAE /* AppDelegate.swift in Sources */,
				A9F410A824C48968000C5EAE /* Date.swift in Sources */,
				A9F410A024C48968000C5EAE /* DateHeader.swift in Sources */,
				A9F410A124C48968000C5EAE /* Slider.swift in Sources */,
				A9F4109B24C48968000C5EAE /* ArticlesView.swift in Sources */,
				A9F410A324C48968000C5EAE /* Article.swift in Sources */,
				A9F4109F24C48968000C5EAE /* LinkButton.swift in Sources */,
				A9F410AA24C48968000C5EAE /* CGFloat.swift in Sources */,
				A9F4109E24C48968000C5EAE /* ArticlesLayout.swift in Sources */,
				A9F4109D24C48968000C5EAE /* ArticlesViewModel.swift in Sources */,
				A9F410AB24C48968000C5EAE /* Layout.swift in Sources */,
				A9F410A724C48968000C5EAE /* API.swift in Sources */,
				A9F410A524C48968000C5EAE /* Resource.swift in Sources */,
			);
			runOnlyForDeploymentPostprocessing = 0;
		};
/* End PBXSourcesBuildPhase section */

/* Begin PBXVariantGroup section */
		A9F4107624C4886A000C5EAE /* Main.storyboard */ = {
			isa = PBXVariantGroup;
			children = (
				A9F4107724C4886A000C5EAE /* Base */,
			);
			name = Main.storyboard;
			sourceTree = "<group>";
		};
		A9F4107B24C4886D000C5EAE /* LaunchScreen.storyboard */ = {
			isa = PBXVariantGroup;
			children = (
				A9F4107C24C4886D000C5EAE /* Base */,
			);
			name = LaunchScreen.storyboard;
			sourceTree = "<group>";
		};
/* End PBXVariantGroup section */

/* Begin XCBuildConfiguration section */
		A9F4107F24C4886D000C5EAE /* Debug */ = {
			isa = XCBuildConfiguration;
			buildSettings = {
				ALWAYS_SEARCH_USER_PATHS = NO;
				CLANG_ANALYZER_NONNULL = YES;
				CLANG_ANALYZER_NUMBER_OBJECT_CONVERSION = YES_AGGRESSIVE;
				CLANG_CXX_LANGUAGE_STANDARD = "gnu++14";
				CLANG_CXX_LIBRARY = "libc++";
				CLANG_ENABLE_MODULES = YES;
				CLANG_ENABLE_OBJC_ARC = YES;
				CLANG_ENABLE_OBJC_WEAK = YES;
				CLANG_WARN_BLOCK_CAPTURE_AUTORELEASING = YES;
				CLANG_WARN_BOOL_CONVERSION = YES;
				CLANG_WARN_COMMA = YES;
				CLANG_WARN_CONSTANT_CONVERSION = YES;
				CLANG_WARN_DEPRECATED_OBJC_IMPLEMENTATIONS = YES;
				CLANG_WARN_DIRECT_OBJC_ISA_USAGE = YES_ERROR;
				CLANG_WARN_DOCUMENTATION_COMMENTS = YES;
				CLANG_WARN_EMPTY_BODY = YES;
				CLANG_WARN_ENUM_CONVERSION = YES;
				CLANG_WARN_INFINITE_RECURSION = YES;
				CLANG_WARN_INT_CONVERSION = YES;
				CLANG_WARN_NON_LITERAL_NULL_CONVERSION = YES;
				CLANG_WARN_OBJC_IMPLICIT_RETAIN_SELF = YES;
				CLANG_WARN_OBJC_LITERAL_CONVERSION = YES;
				CLANG_WARN_OBJC_ROOT_CLASS = YES_ERROR;
				CLANG_WARN_RANGE_LOOP_ANALYSIS = YES;
				CLANG_WARN_STRICT_PROTOTYPES = YES;
				CLANG_WARN_SUSPICIOUS_MOVE = YES;
				CLANG_WARN_UNGUARDED_AVAILABILITY = YES_AGGRESSIVE;
				CLANG_WARN_UNREACHABLE_CODE = YES;
				CLANG_WARN__DUPLICATE_METHOD_MATCH = YES;
				COPY_PHASE_STRIP = NO;
				DEBUG_INFORMATION_FORMAT = dwarf;
				ENABLE_STRICT_OBJC_MSGSEND = YES;
				ENABLE_TESTABILITY = YES;
				GCC_C_LANGUAGE_STANDARD = gnu11;
				GCC_DYNAMIC_NO_PIC = NO;
				GCC_NO_COMMON_BLOCKS = YES;
				GCC_OPTIMIZATION_LEVEL = 0;
				GCC_PREPROCESSOR_DEFINITIONS = (
					"DEBUG=1",
					"$(inherited)",
				);
				GCC_WARN_64_TO_32_BIT_CONVERSION = YES;
				GCC_WARN_ABOUT_RETURN_TYPE = YES_ERROR;
				GCC_WARN_UNDECLARED_SELECTOR = YES;
				GCC_WARN_UNINITIALIZED_AUTOS = YES_AGGRESSIVE;
				GCC_WARN_UNUSED_FUNCTION = YES;
				GCC_WARN_UNUSED_VARIABLE = YES;
				IPHONEOS_DEPLOYMENT_TARGET = 13.0;
				MTL_ENABLE_DEBUG_INFO = INCLUDE_SOURCE;
				MTL_FAST_MATH = YES;
				ONLY_ACTIVE_ARCH = YES;
				SDKROOT = iphoneos;
				SWIFT_ACTIVE_COMPILATION_CONDITIONS = DEBUG;
				SWIFT_OPTIMIZATION_LEVEL = "-Onone";
			};
			name = Debug;
		};
		A9F4108024C4886D000C5EAE /* Release */ = {
			isa = XCBuildConfiguration;
			buildSettings = {
				ALWAYS_SEARCH_USER_PATHS = NO;
				CLANG_ANALYZER_NONNULL = YES;
				CLANG_ANALYZER_NUMBER_OBJECT_CONVERSION = YES_AGGRESSIVE;
				CLANG_CXX_LANGUAGE_STANDARD = "gnu++14";
				CLANG_CXX_LIBRARY = "libc++";
				CLANG_ENABLE_MODULES = YES;
				CLANG_ENABLE_OBJC_ARC = YES;
				CLANG_ENABLE_OBJC_WEAK = YES;
				CLANG_WARN_BLOCK_CAPTURE_AUTORELEASING = YES;
				CLANG_WARN_BOOL_CONVERSION = YES;
				CLANG_WARN_COMMA = YES;
				CLANG_WARN_CONSTANT_CONVERSION = YES;
				CLANG_WARN_DEPRECATED_OBJC_IMPLEMENTATIONS = YES;
				CLANG_WARN_DIRECT_OBJC_ISA_USAGE = YES_ERROR;
				CLANG_WARN_DOCUMENTATION_COMMENTS = YES;
				CLANG_WARN_EMPTY_BODY = YES;
				CLANG_WARN_ENUM_CONVERSION = YES;
				CLANG_WARN_INFINITE_RECURSION = YES;
				CLANG_WARN_INT_CONVERSION = YES;
				CLANG_WARN_NON_LITERAL_NULL_CONVERSION = YES;
				CLANG_WARN_OBJC_IMPLICIT_RETAIN_SELF = YES;
				CLANG_WARN_OBJC_LITERAL_CONVERSION = YES;
				CLANG_WARN_OBJC_ROOT_CLASS = YES_ERROR;
				CLANG_WARN_RANGE_LOOP_ANALYSIS = YES;
				CLANG_WARN_STRICT_PROTOTYPES = YES;
				CLANG_WARN_SUSPICIOUS_MOVE = YES;
				CLANG_WARN_UNGUARDED_AVAILABILITY = YES_AGGRESSIVE;
				CLANG_WARN_UNREACHABLE_CODE = YES;
				CLANG_WARN__DUPLICATE_METHOD_MATCH = YES;
				COPY_PHASE_STRIP = NO;
				DEBUG_INFORMATION_FORMAT = "dwarf-with-dsym";
				ENABLE_NS_ASSERTIONS = NO;
				ENABLE_STRICT_OBJC_MSGSEND = YES;
				GCC_C_LANGUAGE_STANDARD = gnu11;
				GCC_NO_COMMON_BLOCKS = YES;
				GCC_WARN_64_TO_32_BIT_CONVERSION = YES;
				GCC_WARN_ABOUT_RETURN_TYPE = YES_ERROR;
				GCC_WARN_UNDECLARED_SELECTOR = YES;
				GCC_WARN_UNINITIALIZED_AUTOS = YES_AGGRESSIVE;
				GCC_WARN_UNUSED_FUNCTION = YES;
				GCC_WARN_UNUSED_VARIABLE = YES;
				IPHONEOS_DEPLOYMENT_TARGET = 13.0;
				MTL_ENABLE_DEBUG_INFO = NO;
				MTL_FAST_MATH = YES;
				SDKROOT = iphoneos;
				SWIFT_COMPILATION_MODE = wholemodule;
				SWIFT_OPTIMIZATION_LEVEL = "-O";
				VALIDATE_PRODUCT = YES;
			};
			name = Release;
		};
		A9F4108224C4886D000C5EAE /* Debug */ = {
			isa = XCBuildConfiguration;
			buildSettings = {
				ASSETCATALOG_COMPILER_APPICON_NAME = AppIcon;
				CODE_SIGN_STYLE = Automatic;
				DEVELOPMENT_TEAM = AP62F24ZLQ;
				INFOPLIST_FILE = "News App Assignment/Info.plist";
				LD_RUNPATH_SEARCH_PATHS = (
					"$(inherited)",
					"@executable_path/Frameworks",
				);
				PRODUCT_BUNDLE_IDENTIFIER = "nl.roberthein.News-App-Assignment";
				PRODUCT_NAME = "$(TARGET_NAME)";
				SWIFT_VERSION = 5.0;
				TARGETED_DEVICE_FAMILY = 1;
			};
			name = Debug;
		};
		A9F4108324C4886D000C5EAE /* Release */ = {
			isa = XCBuildConfiguration;
			buildSettings = {
				ASSETCATALOG_COMPILER_APPICON_NAME = AppIcon;
				CODE_SIGN_STYLE = Automatic;
				DEVELOPMENT_TEAM = AP62F24ZLQ;
				INFOPLIST_FILE = "News App Assignment/Info.plist";
				LD_RUNPATH_SEARCH_PATHS = (
					"$(inherited)",
					"@executable_path/Frameworks",
				);
				PRODUCT_BUNDLE_IDENTIFIER = "nl.roberthein.News-App-Assignment";
				PRODUCT_NAME = "$(TARGET_NAME)";
				SWIFT_VERSION = 5.0;
				TARGETED_DEVICE_FAMILY = 1;
			};
			name = Release;
		};
/* End XCBuildConfiguration section */

/* Begin XCConfigurationList section */
		A9F4106824C4886A000C5EAE /* Build configuration list for PBXProject "News App Assignment" */ = {
			isa = XCConfigurationList;
			buildConfigurations = (
				A9F4107F24C4886D000C5EAE /* Debug */,
				A9F4108024C4886D000C5EAE /* Release */,
			);
			defaultConfigurationIsVisible = 0;
			defaultConfigurationName = Release;
		};
		A9F4108124C4886D000C5EAE /* Build configuration list for PBXNativeTarget "News App Assignment" */ = {
			isa = XCConfigurationList;
			buildConfigurations = (
				A9F4108224C4886D000C5EAE /* Debug */,
				A9F4108324C4886D000C5EAE /* Release */,
			);
			defaultConfigurationIsVisible = 0;
			defaultConfigurationName = Release;
		};
/* End XCConfigurationList section */
	};
	rootObject = A9F4106524C4886A000C5EAE /* Project object */;
}
